{
  "lockfile_version": "1",
  "packages": {
    "crossplane-cli@1.16.0": {
      "last_modified": "2024-06-12T20:55:33Z",
      "resolved": "github:NixOS/nixpkgs/a9858885e197f984d92d7fe64e9fff6b2e488d40#crossplane-cli",
      "source": "devbox-search",
      "version": "1.16.0",
      "systems": {
        "aarch64-darwin": {
          "outputs": [
            {
              "name": "out",
              "path": "/nix/store/sc1picdgvbsag2rr2rgzpy1p7ll8mkdb-crossplane-cli-1.16.0",
              "default": true
            }
          ],
          "store_path": "/nix/store/sc1picdgvbsag2rr2rgzpy1p7ll8mkdb-crossplane-cli-1.16.0"
        },
        "aarch64-linux": {
          "outputs": [
            {
              "name": "out",
              "path": "/nix/store/h1ahqx9z0wmr6q574nig398xwyh43cfa-crossplane-cli-1.16.0",
              "default": true
            }
          ],
          "store_path": "/nix/store/h1ahqx9z0wmr6q574nig398xwyh43cfa-crossplane-cli-1.16.0"
        },
        "x86_64-darwin": {
          "outputs": [
            {
              "name": "out",
              "path": "/nix/store/r9m5czvr7mnm91nzc6rs4i5pqlk6mmjx-crossplane-cli-1.16.0",
              "default": true
            }
          ],
          "store_path": "/nix/store/r9m5czvr7mnm91nzc6rs4i5pqlk6mmjx-crossplane-cli-1.16.0"
        },
        "x86_64-linux": {
          "outputs": [
            {
              "name": "out",
              "path": "/nix/store/2m64cmw30xx4nis5ry1zl5laiprrdp9j-crossplane-cli-1.16.0",
              "default": true
            }
          ],
          "store_path": "/nix/store/2m64cmw30xx4nis5ry1zl5laiprrdp9j-crossplane-cli-1.16.0"
        }
      }
    },
    "eksctl@0.184.0": {
      "last_modified": "2024-07-07T16:08:25Z",
      "resolved": "github:NixOS/nixpkgs/ab82a9612aa45284d4adf69ee81871a389669a9e#eksctl",
      "source": "devbox-search",
      "version": "0.184.0",
      "systems": {
        "aarch64-darwin": {
          "outputs": [
            {
              "name": "out",
              "path": "/nix/store/wrpra6196i87xdshh6h1kixzg460hmga-eksctl-0.184.0",
              "default": true
            }
          ],
          "store_path": "/nix/store/wrpra6196i87xdshh6h1kixzg460hmga-eksctl-0.184.0"
        },
        "aarch64-linux": {
          "outputs": [
            {
              "name": "out",
              "path": "/nix/store/2sm447fafgykkrxajdf1yblabialb358-eksctl-0.184.0",
              "default": true
            }
          ],
          "store_path": "/nix/store/2sm447fafgykkrxajdf1yblabialb358-eksctl-0.184.0"
        },
        "x86_64-darwin": {
          "outputs": [
            {
              "name": "out",
              "path": "/nix/store/m1x0pl6frhhzblnm794khx5m53vnf2yj-eksctl-0.184.0",
              "default": true
            }
          ],
          "store_path": "/nix/store/m1x0pl6frhhzblnm794khx5m53vnf2yj-eksctl-0.184.0"
        },
        "x86_64-linux": {
          "outputs": [
            {
              "name": "out",
              "path": "/nix/store/5izadqs7r2wdh2sy287p85kwz4kgji8a-eksctl-0.184.0",
              "default": true
            }
          ],
          "store_path": "/nix/store/5izadqs7r2wdh2sy287p85kwz4kgji8a-eksctl-0.184.0"
        }
      }
    },
    "gh@2.51.0": {
      "last_modified": "2024-06-14T20:22:02Z",
      "resolved": "github:NixOS/nixpkgs/3e6b9369165397184774a4b7c5e8e5e46531b53f#gh",
      "source": "devbox-search",
      "version": "2.51.0",
      "systems": {
        "aarch64-darwin": {
          "outputs": [
            {
              "name": "out",
              "path": "/nix/store/l8srb2xyh7sypmkv6c21grkyc0hjzvnr-gh-2.51.0",
              "default": true
            }
          ],
          "store_path": "/nix/store/l8srb2xyh7sypmkv6c21grkyc0hjzvnr-gh-2.51.0"
        },
        "aarch64-linux": {
          "outputs": [
            {
              "name": "out",
              "path": "/nix/store/bb37nnzhrlhzmcyhh5mb9qr68bw3r1mv-gh-2.51.0",
              "default": true
            }
          ],
          "store_path": "/nix/store/bb37nnzhrlhzmcyhh5mb9qr68bw3r1mv-gh-2.51.0"
        },
        "x86_64-darwin": {
          "outputs": [
            {
              "name": "out",
              "path": "/nix/store/d1zcickciz6pq45m3d31c8qcsyi4cciq-gh-2.51.0",
              "default": true
            }
          ],
          "store_path": "/nix/store/d1zcickciz6pq45m3d31c8qcsyi4cciq-gh-2.51.0"
        },
        "x86_64-linux": {
          "outputs": [
            {
              "name": "out",
              "path": "/nix/store/i8rv93l4pnp631qraqr6zbx1hn0sjlm3-gh-2.51.0",
              "default": true
            }
          ],
          "store_path": "/nix/store/i8rv93l4pnp631qraqr6zbx1hn0sjlm3-gh-2.51.0"
        }
      }
    },
    "gum@0.14.1": {
      "last_modified": "2024-07-07T16:08:25Z",
      "resolved": "github:NixOS/nixpkgs/ab82a9612aa45284d4adf69ee81871a389669a9e#gum",
      "source": "devbox-search",
      "version": "0.14.1",
      "systems": {
        "aarch64-darwin": {
          "outputs": [
            {
              "name": "out",
              "path": "/nix/store/hi946camicx98bv9y9nz6jx2fyxcc9kk-gum-0.14.1",
              "default": true
            }
          ],
          "store_path": "/nix/store/hi946camicx98bv9y9nz6jx2fyxcc9kk-gum-0.14.1"
        },
        "aarch64-linux": {
          "outputs": [
            {
              "name": "out",
              "path": "/nix/store/3z1lqas4yni9hzvx2kpbmd108fs7qr0r-gum-0.14.1",
              "default": true
            }
          ],
          "store_path": "/nix/store/3z1lqas4yni9hzvx2kpbmd108fs7qr0r-gum-0.14.1"
        },
        "x86_64-darwin": {
          "outputs": [
            {
              "name": "out",
              "path": "/nix/store/hxfw2r39malghnmrm20d23qvf3p1lwdg-gum-0.14.1",
              "default": true
            }
          ],
          "store_path": "/nix/store/hxfw2r39malghnmrm20d23qvf3p1lwdg-gum-0.14.1"
        },
        "x86_64-linux": {
          "outputs": [
            {
              "name": "out",
              "path": "/nix/store/js1fcw5brznb0lcw55l5b3ad4rwfj4mf-gum-0.14.1",
              "default": true
            }
          ],
          "store_path": "/nix/store/js1fcw5brznb0lcw55l5b3ad4rwfj4mf-gum-0.14.1"
        }
      }
    },
    "just@1.29.1": {
      "last_modified": "2024-06-16T13:15:37Z",
      "resolved": "github:NixOS/nixpkgs/683aa7c4e385509ca651d49eeb35e58c7a1baad6#just",
      "source": "devbox-search",
      "version": "1.29.1",
      "systems": {
        "aarch64-darwin": {
          "outputs": [
            {
              "name": "out",
              "path": "/nix/store/5zn47avh9j0md9wxnsgzwr11pj2ix2x9-just-1.29.1",
              "default": true
            },
            {
              "name": "man",
              "path": "/nix/store/9cqkhmkrph792j417sixmw9cxshmnvi3-just-1.29.1-man",
              "default": true
            },
            {
              "name": "doc",
              "path": "/nix/store/pjh4iz8aygfnn7q3cl2hh7x8mxqybvjk-just-1.29.1-doc"
            }
          ],
          "store_path": "/nix/store/5zn47avh9j0md9wxnsgzwr11pj2ix2x9-just-1.29.1"
        },
        "aarch64-linux": {
          "outputs": [
            {
              "name": "out",
              "path": "/nix/store/379bkcb9c48xjdijqa50chlg55k8yh7c-just-1.29.1",
              "default": true
            },
            {
              "name": "man",
              "path": "/nix/store/a5wvrxl80szwdqphwxj3rmzkji3kl7kz-just-1.29.1-man",
              "default": true
            },
            {
              "name": "doc",
              "path": "/nix/store/3nb84vcg0k6j5d07c6slgdjayfm3sik0-just-1.29.1-doc"
            }
          ],
          "store_path": "/nix/store/379bkcb9c48xjdijqa50chlg55k8yh7c-just-1.29.1"
        },
        "x86_64-darwin": {
          "outputs": [
            {
              "name": "out",
              "path": "/nix/store/b769zakq7glzxxf2y1vvlhmp8yh8a15a-just-1.29.1",
              "default": true
            },
            {
              "name": "man",
              "path": "/nix/store/5ghn5mri0by2y658mx1y3b3rl463is42-just-1.29.1-man",
              "default": true
            },
            {
              "name": "doc",
              "path": "/nix/store/7rpaa0bplkr3kkhqahwhk8y21p8lwqdq-just-1.29.1-doc"
            }
          ],
          "store_path": "/nix/store/b769zakq7glzxxf2y1vvlhmp8yh8a15a-just-1.29.1"
        },
        "x86_64-linux": {
          "outputs": [
            {
              "name": "out",
              "path": "/nix/store/i1873qgj1pg60af9vc0gpjw79fk5mpjq-just-1.29.1",
              "default": true
            },
            {
              "name": "man",
              "path": "/nix/store/c7cqyjqq64w23q4xjzlxk73aj3a0sybi-just-1.29.1-man",
              "default": true
            },
            {
              "name": "doc",
              "path": "/nix/store/ly4zz6ksh34j74sb08vsc3hjnc8h3sa1-just-1.29.1-doc"
            }
          ],
          "store_path": "/nix/store/i1873qgj1pg60af9vc0gpjw79fk5mpjq-just-1.29.1"
        }
      }
    },
    "kcl-cli@0.8.9": {
      "last_modified": "2024-06-11T07:07:27Z",
      "resolved": "github:NixOS/nixpkgs/f7207adcc68d9cafa29e3cd252a18743ae512c6a#kcl-cli",
      "source": "devbox-search",
      "version": "0.8.9",
      "systems": {
        "aarch64-darwin": {
          "outputs": [
            {
              "name": "out",
              "path": "/nix/store/33kpgvylczh9wij8in10f29lz3wyrnvr-kcl-cli-0.8.9",
              "default": true
            }
          ],
          "store_path": "/nix/store/33kpgvylczh9wij8in10f29lz3wyrnvr-kcl-cli-0.8.9"
        },
        "aarch64-linux": {
          "outputs": [
            {
              "name": "out",
              "path": "/nix/store/7w7462aadqfm8apb1q8c6gxf62hx7wc3-kcl-cli-0.8.9",
              "default": true
            }
          ],
          "store_path": "/nix/store/7w7462aadqfm8apb1q8c6gxf62hx7wc3-kcl-cli-0.8.9"
        },
        "x86_64-darwin": {
          "outputs": [
            {
              "name": "out",
              "path": "/nix/store/2pkcszc6208v05wl3q3l00mkv4am7v2l-kcl-cli-0.8.9",
              "default": true
            }
          ],
          "store_path": "/nix/store/2pkcszc6208v05wl3q3l00mkv4am7v2l-kcl-cli-0.8.9"
        },
        "x86_64-linux": {
          "outputs": [
            {
              "name": "out",
              "path": "/nix/store/0p7hfw4f61p8w3x3vmgvisi9x69i2bd5-kcl-cli-0.8.9",
              "default": true
            }
          ],
          "store_path": "/nix/store/0p7hfw4f61p8w3x3vmgvisi9x69i2bd5-kcl-cli-0.8.9"
        }
      }
    },
    "kind@0.23.0": {
      "last_modified": "2024-05-29T10:04:41Z",
      "resolved": "github:NixOS/nixpkgs/ac82a513e55582291805d6f09d35b6d8b60637a1#kind",
      "source": "devbox-search",
      "version": "0.23.0",
      "systems": {
        "aarch64-darwin": {
          "outputs": [
            {
              "name": "out",
              "path": "/nix/store/lg81ng5l5c7naqww8qqlmqnixvpx8xzs-kind-0.23.0",
              "default": true
            }
          ],
          "store_path": "/nix/store/lg81ng5l5c7naqww8qqlmqnixvpx8xzs-kind-0.23.0"
        },
        "aarch64-linux": {
          "outputs": [
            {
              "name": "out",
              "path": "/nix/store/jndyfwjc9hsf1rhvh0yxqsqw0hqqs8j8-kind-0.23.0",
              "default": true
            }
          ],
          "store_path": "/nix/store/jndyfwjc9hsf1rhvh0yxqsqw0hqqs8j8-kind-0.23.0"
        },
        "x86_64-darwin": {
          "outputs": [
            {
              "name": "out",
              "path": "/nix/store/q1ymfg7wsdlmp9b11kpb3pmshrdfbyjj-kind-0.23.0",
              "default": true
            }
          ],
          "store_path": "/nix/store/q1ymfg7wsdlmp9b11kpb3pmshrdfbyjj-kind-0.23.0"
        },
        "x86_64-linux": {
          "outputs": [
            {
              "name": "out",
              "path": "/nix/store/8if8dwbvyalf0cfk0vkaysvcmkva9syh-kind-0.23.0",
              "default": true
            }
          ],
          "store_path": "/nix/store/8if8dwbvyalf0cfk0vkaysvcmkva9syh-kind-0.23.0"
        }
      }
    },
    "kubernetes-helm@3.15.2": {
      "last_modified": "2024-06-14T20:22:02Z",
      "resolved": "github:NixOS/nixpkgs/3e6b9369165397184774a4b7c5e8e5e46531b53f#kubernetes-helm",
      "source": "devbox-search",
      "version": "3.15.2",
      "systems": {
        "aarch64-darwin": {
          "outputs": [
            {
              "name": "out",
              "path": "/nix/store/ki517hpb3g0hyzgr7xa48v58x0nqf6a6-kubernetes-helm-3.15.2",
              "default": true
            }
          ],
          "store_path": "/nix/store/ki517hpb3g0hyzgr7xa48v58x0nqf6a6-kubernetes-helm-3.15.2"
        },
        "aarch64-linux": {
          "outputs": [
            {
              "name": "out",
              "path": "/nix/store/0il4db94zyswzsaix8h01rs1zpsk042z-kubernetes-helm-3.15.2",
              "default": true
            }
          ],
          "store_path": "/nix/store/0il4db94zyswzsaix8h01rs1zpsk042z-kubernetes-helm-3.15.2"
        },
        "x86_64-darwin": {
          "outputs": [
            {
              "name": "out",
              "path": "/nix/store/00qnjv64b9y4sjbqimzvc0617vz8kq49-kubernetes-helm-3.15.2",
              "default": true
            }
          ],
          "store_path": "/nix/store/00qnjv64b9y4sjbqimzvc0617vz8kq49-kubernetes-helm-3.15.2"
        },
        "x86_64-linux": {
          "outputs": [
            {
              "name": "out",
              "path": "/nix/store/9ri59jqd8jxjg40zk3jprzvj677sr3h7-kubernetes-helm-3.15.2",
              "default": true
            }
          ],
          "store_path": "/nix/store/9ri59jqd8jxjg40zk3jprzvj677sr3h7-kubernetes-helm-3.15.2"
        }
      }
    },
    "kyverno-chainsaw@0.2.3": {
      "last_modified": "2024-06-12T20:55:33Z",
      "resolved": "github:NixOS/nixpkgs/a9858885e197f984d92d7fe64e9fff6b2e488d40#kyverno-chainsaw",
      "source": "devbox-search",
      "version": "0.2.3",
      "systems": {
        "aarch64-darwin": {
          "outputs": [
            {
              "name": "out",
              "path": "/nix/store/kfq3cnk264nfx26s99d0ps6szpp98985-kyverno-chainsaw-0.2.3",
              "default": true
            }
          ],
          "store_path": "/nix/store/kfq3cnk264nfx26s99d0ps6szpp98985-kyverno-chainsaw-0.2.3"
        },
        "aarch64-linux": {
          "outputs": [
            {
              "name": "out",
              "path": "/nix/store/cgismmzrmnr2ls8nadq2pnx6yb90amk2-kyverno-chainsaw-0.2.3",
              "default": true
            }
          ],
          "store_path": "/nix/store/cgismmzrmnr2ls8nadq2pnx6yb90amk2-kyverno-chainsaw-0.2.3"
        },
        "x86_64-darwin": {
          "outputs": [
            {
              "name": "out",
              "path": "/nix/store/sij31z5g617p7mhyi9rimj7jdhjzircy-kyverno-chainsaw-0.2.3",
              "default": true
            }
          ],
          "store_path": "/nix/store/sij31z5g617p7mhyi9rimj7jdhjzircy-kyverno-chainsaw-0.2.3"
        },
        "x86_64-linux": {
          "outputs": [
            {
              "name": "out",
              "path": "/nix/store/p0h1mc9d5anw28rihmqnqgv4djswm9iz-kyverno-chainsaw-0.2.3",
              "default": true
            }
          ],
          "store_path": "/nix/store/p0h1mc9d5anw28rihmqnqgv4djswm9iz-kyverno-chainsaw-0.2.3"
        }
      }
    },
    "teller@2.0.7": {
      "last_modified": "2024-06-12T20:55:33Z",
      "resolved": "github:NixOS/nixpkgs/a9858885e197f984d92d7fe64e9fff6b2e488d40#teller",
      "source": "devbox-search",
      "version": "2.0.7",
      "systems": {
        "aarch64-darwin": {
          "outputs": [
            {
              "name": "out",
              "path": "/nix/store/r8629bp2vdb9m8wp8jy1b3vvzxhq0nfz-teller-2.0.7",
              "default": true
            }
          ],
          "store_path": "/nix/store/r8629bp2vdb9m8wp8jy1b3vvzxhq0nfz-teller-2.0.7"
        },
        "aarch64-linux": {
          "outputs": [
            {
              "name": "out",
              "path": "/nix/store/q74x9f32s9krdizh7di0zx45m7hpyrnb-teller-2.0.7",
              "default": true
            }
          ],
          "store_path": "/nix/store/q74x9f32s9krdizh7di0zx45m7hpyrnb-teller-2.0.7"
        },
        "x86_64-darwin": {
          "outputs": [
            {
              "name": "out",
              "path": "/nix/store/minw2sv62vpvnsns5fryw1kqdanbw1jf-teller-2.0.7",
              "default": true
            }
          ],
          "store_path": "/nix/store/minw2sv62vpvnsns5fryw1kqdanbw1jf-teller-2.0.7"
        },
        "x86_64-linux": {
          "outputs": [
            {
              "name": "out",
              "path": "/nix/store/fpz5lzqcfbnrins0ygcsx48sighvfqfm-teller-2.0.7",
              "default": true
            }
          ],
          "store_path": "/nix/store/fpz5lzqcfbnrins0ygcsx48sighvfqfm-teller-2.0.7"
        }
      }
    },
    "upbound@0.31.0": {
      "last_modified": "2024-06-15T05:08:39Z",
      "resolved": "github:NixOS/nixpkgs/e6cea36f83499eb4e9cd184c8a8e823296b50ad5#upbound",
      "source": "devbox-search",
      "version": "0.31.0",
      "systems": {
        "aarch64-darwin": {
          "outputs": [
            {
              "name": "out",
              "path": "/nix/store/16r4mf55qfarr9rhw7fh7d9x5596936q-upbound-0.31.0",
              "default": true
            }
          ],
          "store_path": "/nix/store/16r4mf55qfarr9rhw7fh7d9x5596936q-upbound-0.31.0"
        },
        "aarch64-linux": {
          "outputs": [
            {
              "name": "out",
              "path": "/nix/store/07aqsh7qa4wzbrk9zi8i2glvm34rx1ij-upbound-0.31.0",
              "default": true
            }
          ],
          "store_path": "/nix/store/07aqsh7qa4wzbrk9zi8i2glvm34rx1ij-upbound-0.31.0"
        },
        "x86_64-darwin": {
          "outputs": [
            {
              "name": "out",
              "path": "/nix/store/8p3lj2hr9y72x3xwgv487n6y6hx44khy-upbound-0.31.0",
              "default": true
            }
          ],
          "store_path": "/nix/store/8p3lj2hr9y72x3xwgv487n6y6hx44khy-upbound-0.31.0"
        },
        "x86_64-linux": {
          "outputs": [
            {
              "name": "out",
              "path": "/nix/store/r7lv236mcc8azqmwr2rxfsx9d4w8r7vv-upbound-0.31.0",
              "default": true
            }
          ],
          "store_path": "/nix/store/r7lv236mcc8azqmwr2rxfsx9d4w8r7vv-upbound-0.31.0"
        }
      }
    },
    "viddy@0.4.0": {
      "last_modified": "2024-06-12T20:55:33Z",
      "resolved": "github:NixOS/nixpkgs/a9858885e197f984d92d7fe64e9fff6b2e488d40#viddy",
      "source": "devbox-search",
      "version": "0.4.0",
      "systems": {
        "aarch64-darwin": {
          "outputs": [
            {
              "name": "out",
              "path": "/nix/store/m2l1p8chkgmxpfbiz58p7rn4mw8pslhw-viddy-0.4.0",
              "default": true
            }
          ],
          "store_path": "/nix/store/m2l1p8chkgmxpfbiz58p7rn4mw8pslhw-viddy-0.4.0"
        },
        "aarch64-linux": {
          "outputs": [
            {
              "name": "out",
              "path": "/nix/store/6zn4vbhbjyf0ymxgpwffin8ygczs66cc-viddy-0.4.0",
              "default": true
            }
          ],
          "store_path": "/nix/store/6zn4vbhbjyf0ymxgpwffin8ygczs66cc-viddy-0.4.0"
        },
        "x86_64-darwin": {
          "outputs": [
            {
              "name": "out",
              "path": "/nix/store/nc9fnnwcwsyg6rliq5bi6gdhba42myiz-viddy-0.4.0",
              "default": true
            }
          ],
          "store_path": "/nix/store/nc9fnnwcwsyg6rliq5bi6gdhba42myiz-viddy-0.4.0"
        },
        "x86_64-linux": {
          "outputs": [
            {
              "name": "out",
              "path": "/nix/store/h9imh5kwrj6vdri646k1qqhgsmriqy2k-viddy-0.4.0",
              "default": true
            }
          ],
          "store_path": "/nix/store/h9imh5kwrj6vdri646k1qqhgsmriqy2k-viddy-0.4.0"
        }
      }
    },
    "watchexec@2.1.1": {
      "last_modified": "2024-06-12T20:55:33Z",
      "resolved": "github:NixOS/nixpkgs/a9858885e197f984d92d7fe64e9fff6b2e488d40#watchexec",
      "source": "devbox-search",
      "version": "2.1.1",
      "systems": {
        "aarch64-darwin": {
          "outputs": [
            {
              "name": "out",
              "path": "/nix/store/b5yjxgi1pylgpc75cvafb6q1azvk8dqs-watchexec-2.1.1",
              "default": true
            }
          ],
          "store_path": "/nix/store/b5yjxgi1pylgpc75cvafb6q1azvk8dqs-watchexec-2.1.1"
        },
        "aarch64-linux": {
          "outputs": [
            {
              "name": "out",
              "path": "/nix/store/hj5khkbizjdcbx9a1lh15ffw2vws7nlf-watchexec-2.1.1",
              "default": true
            }
          ],
          "store_path": "/nix/store/hj5khkbizjdcbx9a1lh15ffw2vws7nlf-watchexec-2.1.1"
        },
        "x86_64-darwin": {
          "outputs": [
            {
              "name": "out",
              "path": "/nix/store/8rnzdhcca8ijqnjwm4fnwi7mfn82c6i5-watchexec-2.1.1",
              "default": true
            }
          ],
          "store_path": "/nix/store/8rnzdhcca8ijqnjwm4fnwi7mfn82c6i5-watchexec-2.1.1"
        },
        "x86_64-linux": {
          "outputs": [
            {
              "name": "out",
              "path": "/nix/store/wn26mwskqy2rar2c6f2x40vwc51s98py-watchexec-2.1.1",
              "default": true
            }
          ],
          "store_path": "/nix/store/wn26mwskqy2rar2c6f2x40vwc51s98py-watchexec-2.1.1"
        }
      }
    },
    "yq-go@4.44.2": {
      "last_modified": "2024-06-17T06:49:48Z",
      "resolved": "github:NixOS/nixpkgs/38d3352a65ac9d621b0cd3074d3bef27199ff78f#yq-go",
      "source": "devbox-search",
      "version": "4.44.2",
      "systems": {
        "aarch64-darwin": {
          "outputs": [
            {
              "name": "out",
              "path": "/nix/store/yshmap37pbnb28xjh0fl8nvi3wy7rak2-yq-go-4.44.2",
              "default": true
            }
          ],
          "store_path": "/nix/store/yshmap37pbnb28xjh0fl8nvi3wy7rak2-yq-go-4.44.2"
        },
        "aarch64-linux": {
          "outputs": [
            {
              "name": "out",
              "path": "/nix/store/kp4jkyknj5gd1g6pyv8f1bxnjf02b4la-yq-go-4.44.2",
              "default": true
            }
          ],
          "store_path": "/nix/store/kp4jkyknj5gd1g6pyv8f1bxnjf02b4la-yq-go-4.44.2"
        },
        "x86_64-darwin": {
          "outputs": [
            {
              "name": "out",
              "path": "/nix/store/2bprwhjj9q4g1qkbm89ckkrc2f0wdrl9-yq-go-4.44.2",
              "default": true
            }
          ],
          "store_path": "/nix/store/2bprwhjj9q4g1qkbm89ckkrc2f0wdrl9-yq-go-4.44.2"
        },
        "x86_64-linux": {
          "outputs": [
            {
              "name": "out",
              "path": "/nix/store/pj4h8b49yi3w2wkdmxvm86slmv4cpcbv-yq-go-4.44.2",
              "default": true
            }
          ],
          "store_path": "/nix/store/pj4h8b49yi3w2wkdmxvm86slmv4cpcbv-yq-go-4.44.2"
        }
      }
    }
  }
}
