{
  "lockfile_version": "1",
  "packages": {
    "just@1.29.1": {
      "last_modified": "2024-06-16T13:15:37Z",
      "resolved": "github:NixOS/nixpkgs/683aa7c4e385509ca651d49eeb35e58c7a1baad6#just",
      "source": "devbox-search",
      "version": "1.29.1",
      "systems": {
        "aarch64-darwin": {
          "outputs": [
            {
              "name": "out",
              "path": "/nix/store/5zn47avh9j0md9wxnsgzwr11pj2ix2x9-just-1.29.1",
              "default": true
            },
            {
              "name": "man",
              "path": "/nix/store/9cqkhmkrph792j417sixmw9cxshmnvi3-just-1.29.1-man",
              "default": true
            },
            {
              "name": "doc",
              "path": "/nix/store/pjh4iz8aygfnn7q3cl2hh7x8mxqybvjk-just-1.29.1-doc"
            }
          ],
          "store_path": "/nix/store/5zn47avh9j0md9wxnsgzwr11pj2ix2x9-just-1.29.1"
        },
        "aarch64-linux": {
          "outputs": [
            {
              "name": "out",
              "path": "/nix/store/379bkcb9c48xjdijqa50chlg55k8yh7c-just-1.29.1",
              "default": true
            },
            {
              "name": "man",
              "path": "/nix/store/a5wvrxl80szwdqphwxj3rmzkji3kl7kz-just-1.29.1-man",
              "default": true
            },
            {
              "name": "doc",
              "path": "/nix/store/3nb84vcg0k6j5d07c6slgdjayfm3sik0-just-1.29.1-doc"
            }
          ],
          "store_path": "/nix/store/379bkcb9c48xjdijqa50chlg55k8yh7c-just-1.29.1"
        },
        "x86_64-darwin": {
          "outputs": [
            {
              "name": "out",
              "path": "/nix/store/b769zakq7glzxxf2y1vvlhmp8yh8a15a-just-1.29.1",
              "default": true
            },
            {
              "name": "man",
              "path": "/nix/store/5ghn5mri0by2y658mx1y3b3rl463is42-just-1.29.1-man",
              "default": true
            },
            {
              "name": "doc",
              "path": "/nix/store/7rpaa0bplkr3kkhqahwhk8y21p8lwqdq-just-1.29.1-doc"
            }
          ],
          "store_path": "/nix/store/b769zakq7glzxxf2y1vvlhmp8yh8a15a-just-1.29.1"
        },
        "x86_64-linux": {
          "outputs": [
            {
              "name": "out",
              "path": "/nix/store/i1873qgj1pg60af9vc0gpjw79fk5mpjq-just-1.29.1",
              "default": true
            },
            {
              "name": "man",
              "path": "/nix/store/c7cqyjqq64w23q4xjzlxk73aj3a0sybi-just-1.29.1-man",
              "default": true
            },
            {
              "name": "doc",
              "path": "/nix/store/ly4zz6ksh34j74sb08vsc3hjnc8h3sa1-just-1.29.1-doc"
            }
          ],
          "store_path": "/nix/store/i1873qgj1pg60af9vc0gpjw79fk5mpjq-just-1.29.1"
        }
      }
    },
    "kcl-cli@0.8.9": {
      "last_modified": "2024-06-12T20:55:33Z",
      "resolved": "github:NixOS/nixpkgs/a9858885e197f984d92d7fe64e9fff6b2e488d40#kcl-cli",
      "source": "devbox-search",
      "version": "0.8.9",
      "systems": {
        "aarch64-darwin": {
          "outputs": [
            {
              "name": "out",
              "path": "/nix/store/ry8c4a6x9nbbsmaj2lj1irlgmcs7smdl-kcl-cli-0.8.9",
              "default": true
            }
          ],
          "store_path": "/nix/store/ry8c4a6x9nbbsmaj2lj1irlgmcs7smdl-kcl-cli-0.8.9"
        },
        "aarch64-linux": {
          "outputs": [
            {
              "name": "out",
              "path": "/nix/store/58ifnm27y99m1w0rgpzmhrbcmxndk523-kcl-cli-0.8.9",
              "default": true
            }
          ],
          "store_path": "/nix/store/58ifnm27y99m1w0rgpzmhrbcmxndk523-kcl-cli-0.8.9"
        },
        "x86_64-darwin": {
          "outputs": [
            {
              "name": "out",
              "path": "/nix/store/2pkcszc6208v05wl3q3l00mkv4am7v2l-kcl-cli-0.8.9",
              "default": true
            }
          ],
          "store_path": "/nix/store/2pkcszc6208v05wl3q3l00mkv4am7v2l-kcl-cli-0.8.9"
        },
        "x86_64-linux": {
          "outputs": [
            {
              "name": "out",
              "path": "/nix/store/dvj111276zx6mimvcpfars11gwq071nl-kcl-cli-0.8.9",
              "default": true
            }
          ],
          "store_path": "/nix/store/dvj111276zx6mimvcpfars11gwq071nl-kcl-cli-0.8.9"
        }
      }
    },
    "kind@0.23.0": {
      "last_modified": "2024-06-12T20:55:33Z",
      "resolved": "github:NixOS/nixpkgs/a9858885e197f984d92d7fe64e9fff6b2e488d40#kind",
      "source": "devbox-search",
      "version": "0.23.0",
      "systems": {
        "aarch64-darwin": {
          "outputs": [
            {
              "name": "out",
              "path": "/nix/store/vnsdfvbyxjlwbzf1xczvmvrbrs158a80-kind-0.23.0",
              "default": true
            }
          ],
          "store_path": "/nix/store/vnsdfvbyxjlwbzf1xczvmvrbrs158a80-kind-0.23.0"
        },
        "aarch64-linux": {
          "outputs": [
            {
              "name": "out",
              "path": "/nix/store/5ls2nqxwi99zrs40r4s978lcxxdlm3bm-kind-0.23.0",
              "default": true
            }
          ],
          "store_path": "/nix/store/5ls2nqxwi99zrs40r4s978lcxxdlm3bm-kind-0.23.0"
        },
        "x86_64-darwin": {
          "outputs": [
            {
              "name": "out",
              "path": "/nix/store/syn6mx80j8264dai7fd9waq869fz63bd-kind-0.23.0",
              "default": true
            }
          ],
          "store_path": "/nix/store/syn6mx80j8264dai7fd9waq869fz63bd-kind-0.23.0"
        },
        "x86_64-linux": {
          "outputs": [
            {
              "name": "out",
              "path": "/nix/store/rjs322y657zfgz4bv1wr6g25ynxxa8kr-kind-0.23.0",
              "default": true
            }
          ],
          "store_path": "/nix/store/rjs322y657zfgz4bv1wr6g25ynxxa8kr-kind-0.23.0"
        }
      }
    },
    "kubernetes-helm@3.15.2": {
      "last_modified": "2024-06-14T20:22:02Z",
      "resolved": "github:NixOS/nixpkgs/3e6b9369165397184774a4b7c5e8e5e46531b53f#kubernetes-helm",
      "source": "devbox-search",
      "version": "3.15.2",
      "systems": {
        "aarch64-darwin": {
          "outputs": [
            {
              "name": "out",
              "path": "/nix/store/ki517hpb3g0hyzgr7xa48v58x0nqf6a6-kubernetes-helm-3.15.2",
              "default": true
            }
          ],
          "store_path": "/nix/store/ki517hpb3g0hyzgr7xa48v58x0nqf6a6-kubernetes-helm-3.15.2"
        },
        "aarch64-linux": {
          "outputs": [
            {
              "name": "out",
              "path": "/nix/store/0il4db94zyswzsaix8h01rs1zpsk042z-kubernetes-helm-3.15.2",
              "default": true
            }
          ],
          "store_path": "/nix/store/0il4db94zyswzsaix8h01rs1zpsk042z-kubernetes-helm-3.15.2"
        },
        "x86_64-darwin": {
          "outputs": [
            {
              "name": "out",
              "path": "/nix/store/00qnjv64b9y4sjbqimzvc0617vz8kq49-kubernetes-helm-3.15.2",
              "default": true
            }
          ],
          "store_path": "/nix/store/00qnjv64b9y4sjbqimzvc0617vz8kq49-kubernetes-helm-3.15.2"
        },
        "x86_64-linux": {
          "outputs": [
            {
              "name": "out",
              "path": "/nix/store/9ri59jqd8jxjg40zk3jprzvj677sr3h7-kubernetes-helm-3.15.2",
              "default": true
            }
          ],
          "store_path": "/nix/store/9ri59jqd8jxjg40zk3jprzvj677sr3h7-kubernetes-helm-3.15.2"
        }
      }
    },
    "kyverno-chainsaw@0.2.3": {
      "last_modified": "2024-06-12T20:55:33Z",
      "resolved": "github:NixOS/nixpkgs/a9858885e197f984d92d7fe64e9fff6b2e488d40#kyverno-chainsaw",
      "source": "devbox-search",
      "version": "0.2.3",
      "systems": {
        "aarch64-darwin": {
          "outputs": [
            {
              "name": "out",
              "path": "/nix/store/kfq3cnk264nfx26s99d0ps6szpp98985-kyverno-chainsaw-0.2.3",
              "default": true
            }
          ],
          "store_path": "/nix/store/kfq3cnk264nfx26s99d0ps6szpp98985-kyverno-chainsaw-0.2.3"
        },
        "aarch64-linux": {
          "outputs": [
            {
              "name": "out",
              "path": "/nix/store/cgismmzrmnr2ls8nadq2pnx6yb90amk2-kyverno-chainsaw-0.2.3",
              "default": true
            }
          ],
          "store_path": "/nix/store/cgismmzrmnr2ls8nadq2pnx6yb90amk2-kyverno-chainsaw-0.2.3"
        },
        "x86_64-darwin": {
          "outputs": [
            {
              "name": "out",
              "path": "/nix/store/sij31z5g617p7mhyi9rimj7jdhjzircy-kyverno-chainsaw-0.2.3",
              "default": true
            }
          ],
          "store_path": "/nix/store/sij31z5g617p7mhyi9rimj7jdhjzircy-kyverno-chainsaw-0.2.3"
        },
        "x86_64-linux": {
          "outputs": [
            {
              "name": "out",
              "path": "/nix/store/p0h1mc9d5anw28rihmqnqgv4djswm9iz-kyverno-chainsaw-0.2.3",
              "default": true
            }
          ],
          "store_path": "/nix/store/p0h1mc9d5anw28rihmqnqgv4djswm9iz-kyverno-chainsaw-0.2.3"
        }
      }
    },
    "upbound@0.31.0": {
      "last_modified": "2024-06-15T05:08:39Z",
      "resolved": "github:NixOS/nixpkgs/e6cea36f83499eb4e9cd184c8a8e823296b50ad5#upbound",
      "source": "devbox-search",
      "version": "0.31.0",
      "systems": {
        "aarch64-darwin": {
          "outputs": [
            {
              "name": "out",
              "path": "/nix/store/16r4mf55qfarr9rhw7fh7d9x5596936q-upbound-0.31.0",
              "default": true
            }
          ],
          "store_path": "/nix/store/16r4mf55qfarr9rhw7fh7d9x5596936q-upbound-0.31.0"
        },
        "aarch64-linux": {
          "outputs": [
            {
              "name": "out",
              "path": "/nix/store/07aqsh7qa4wzbrk9zi8i2glvm34rx1ij-upbound-0.31.0",
              "default": true
            }
          ],
          "store_path": "/nix/store/07aqsh7qa4wzbrk9zi8i2glvm34rx1ij-upbound-0.31.0"
        },
        "x86_64-darwin": {
          "outputs": [
            {
              "name": "out",
              "path": "/nix/store/8p3lj2hr9y72x3xwgv487n6y6hx44khy-upbound-0.31.0",
              "default": true
            }
          ],
          "store_path": "/nix/store/8p3lj2hr9y72x3xwgv487n6y6hx44khy-upbound-0.31.0"
        },
        "x86_64-linux": {
          "outputs": [
            {
              "name": "out",
              "path": "/nix/store/r7lv236mcc8azqmwr2rxfsx9d4w8r7vv-upbound-0.31.0",
              "default": true
            }
          ],
          "store_path": "/nix/store/r7lv236mcc8azqmwr2rxfsx9d4w8r7vv-upbound-0.31.0"
        }
      }
    },
    "yq-go@4.44.2": {
      "last_modified": "2024-06-17T06:49:48Z",
      "resolved": "github:NixOS/nixpkgs/38d3352a65ac9d621b0cd3074d3bef27199ff78f#yq-go",
      "source": "devbox-search",
      "version": "4.44.2",
      "systems": {
        "aarch64-darwin": {
          "outputs": [
            {
              "name": "out",
              "path": "/nix/store/yshmap37pbnb28xjh0fl8nvi3wy7rak2-yq-go-4.44.2",
              "default": true
            }
          ],
          "store_path": "/nix/store/yshmap37pbnb28xjh0fl8nvi3wy7rak2-yq-go-4.44.2"
        },
        "aarch64-linux": {
          "outputs": [
            {
              "name": "out",
              "path": "/nix/store/kp4jkyknj5gd1g6pyv8f1bxnjf02b4la-yq-go-4.44.2",
              "default": true
            }
          ],
          "store_path": "/nix/store/kp4jkyknj5gd1g6pyv8f1bxnjf02b4la-yq-go-4.44.2"
        },
        "x86_64-darwin": {
          "outputs": [
            {
              "name": "out",
              "path": "/nix/store/2bprwhjj9q4g1qkbm89ckkrc2f0wdrl9-yq-go-4.44.2",
              "default": true
            }
          ],
          "store_path": "/nix/store/2bprwhjj9q4g1qkbm89ckkrc2f0wdrl9-yq-go-4.44.2"
        },
        "x86_64-linux": {
          "outputs": [
            {
              "name": "out",
              "path": "/nix/store/pj4h8b49yi3w2wkdmxvm86slmv4cpcbv-yq-go-4.44.2",
              "default": true
            }
          ],
          "store_path": "/nix/store/pj4h8b49yi3w2wkdmxvm86slmv4cpcbv-yq-go-4.44.2"
        }
      }
    }
  }
}
